// !$*UTF8*$!
{
	archiveVersion = 1;
	classes = {
	};
	objectVersion = 55;
	objects = {

/* Begin PBXBuildFile section */
		3C18BC7327BE7846005F08EB /* Notification.swift in Sources */ = {isa = PBXBuildFile; fileRef = 3C18BC7227BE7846005F08EB /* Notification.swift */; };
		3C18BC7527BE86A4005F08EB /* OnboardingViewController.swift in Sources */ = {isa = PBXBuildFile; fileRef = 3C18BC7427BE86A4005F08EB /* OnboardingViewController.swift */; };
		3C3B9E9127B554C90046686C /* ProfileCollectionViewCell.swift in Sources */ = {isa = PBXBuildFile; fileRef = 3C3B9E9027B554C80046686C /* ProfileCollectionViewCell.swift */; };
		3C3B9E9327B55E6A0046686C /* UserModel.swift in Sources */ = {isa = PBXBuildFile; fileRef = 3C3B9E9227B55E6A0046686C /* UserModel.swift */; };
		3C3B9E9527B57F400046686C /* SettingViewController.swift in Sources */ = {isa = PBXBuildFile; fileRef = 3C3B9E9427B57F400046686C /* SettingViewController.swift */; };
		3C60D06A27B67E0D009A63FE /* UITextField + Extansion.swift in Sources */ = {isa = PBXBuildFile; fileRef = 3C60D06927B67E0D009A63FE /* UITextField + Extansion.swift */; };
		3C60D06C27B68079009A63FE /* GallaryOrPhotoAlert.swift in Sources */ = {isa = PBXBuildFile; fileRef = 3C60D06B27B68079009A63FE /* GallaryOrPhotoAlert.swift */; };
		3C7CCDDD27915D7F005305E7 /* AppDelegate.swift in Sources */ = {isa = PBXBuildFile; fileRef = 3C7CCDDC27915D7F005305E7 /* AppDelegate.swift */; };
		3C7CCDDF27915D7F005305E7 /* SceneDelegate.swift in Sources */ = {isa = PBXBuildFile; fileRef = 3C7CCDDE27915D7F005305E7 /* SceneDelegate.swift */; };
		3C7CCDE127915D7F005305E7 /* MainViewController.swift in Sources */ = {isa = PBXBuildFile; fileRef = 3C7CCDE027915D7F005305E7 /* MainViewController.swift */; };
		3C7CCDE627915D84005305E7 /* Assets.xcassets in Resources */ = {isa = PBXBuildFile; fileRef = 3C7CCDE527915D84005305E7 /* Assets.xcassets */; };
		3C7CCDE927915D84005305E7 /* LaunchScreen.storyboard in Resources */ = {isa = PBXBuildFile; fileRef = 3C7CCDE727915D84005305E7 /* LaunchScreen.storyboard */; };
		3C7CCDFA27916513005305E7 /* UIFont + Extension.swift in Sources */ = {isa = PBXBuildFile; fileRef = 3C7CCDF927916513005305E7 /* UIFont + Extension.swift */; };
		3C7CCDFC27916626005305E7 /* UIColor + Extension.swift in Sources */ = {isa = PBXBuildFile; fileRef = 3C7CCDFB27916626005305E7 /* UIColor + Extension.swift */; };
		3C7CCDFE27916A37005305E7 /* UIView + Extansion.swift in Sources */ = {isa = PBXBuildFile; fileRef = 3C7CCDFD27916A37005305E7 /* UIView + Extansion.swift */; };
		3C7CCE0027916B15005305E7 /* UIStackView + Extension.swift in Sources */ = {isa = PBXBuildFile; fileRef = 3C7CCDFF27916B15005305E7 /* UIStackView + Extension.swift */; };
		3C7CCE032791720A005305E7 /* Roboto-Medium.ttf in Resources */ = {isa = PBXBuildFile; fileRef = 3C7CCE022791720A005305E7 /* Roboto-Medium.ttf */; };
		3C7CCE052791721C005305E7 /* Roboto-Bold.ttf in Resources */ = {isa = PBXBuildFile; fileRef = 3C7CCE042791721C005305E7 /* Roboto-Bold.ttf */; };
		3C7CCE0827919234005305E7 /* CalendarView.swift in Sources */ = {isa = PBXBuildFile; fileRef = 3C7CCE0727919234005305E7 /* CalendarView.swift */; };
		3C7CCE0B2792B2F8005305E7 /* CalendarCollectionViewCell.swift in Sources */ = {isa = PBXBuildFile; fileRef = 3C7CCE0A2792B2F8005305E7 /* CalendarCollectionViewCell.swift */; };
		3C7CCE0E27931040005305E7 /* WeatherView.swift in Sources */ = {isa = PBXBuildFile; fileRef = 3C7CCE0D27931040005305E7 /* WeatherView.swift */; };
		3C7CCE1127935082005305E7 /* WorkoutTableViewCell.swift in Sources */ = {isa = PBXBuildFile; fileRef = 3C7CCE1027935082005305E7 /* WorkoutTableViewCell.swift */; };
		3C7CCE132793558C005305E7 /* WorkoutTestModel.swift in Sources */ = {isa = PBXBuildFile; fileRef = 3C7CCE122793558C005305E7 /* WorkoutTestModel.swift */; };
		3C7CCE1527986ED0005305E7 /* NewWorkoutViewController.swift in Sources */ = {isa = PBXBuildFile; fileRef = 3C7CCE1427986ED0005305E7 /* NewWorkoutViewController.swift */; };
		3C7CCE17279997A7005305E7 /* StatisticViewController.swift in Sources */ = {isa = PBXBuildFile; fileRef = 3C7CCE16279997A6005305E7 /* StatisticViewController.swift */; };
		3C7CCE19279997B6005305E7 /* ProfileViewController.swift in Sources */ = {isa = PBXBuildFile; fileRef = 3C7CCE18279997B6005305E7 /* ProfileViewController.swift */; };
		3C7CCE1B2799A76B005305E7 /* MainTabBarController.swift in Sources */ = {isa = PBXBuildFile; fileRef = 3C7CCE1A2799A76B005305E7 /* MainTabBarController.swift */; };
		3C7CCE1D2799AFA9005305E7 /* UILabel + Extension.swift in Sources */ = {isa = PBXBuildFile; fileRef = 3C7CCE1C2799AFA9005305E7 /* UILabel + Extension.swift */; };
		3C7CCE202799B68E005305E7 /* DateAndRepeatView.swift in Sources */ = {isa = PBXBuildFile; fileRef = 3C7CCE1F2799B68E005305E7 /* DateAndRepeatView.swift */; };
		3C7CCE222799B6AD005305E7 /* RepsOrTimerView.swift in Sources */ = {isa = PBXBuildFile; fileRef = 3C7CCE212799B6AD005305E7 /* RepsOrTimerView.swift */; };
		3C7CCE25279B2CA9005305E7 /* Realm in Frameworks */ = {isa = PBXBuildFile; productRef = 3C7CCE24279B2CA9005305E7 /* Realm */; };
		3C7CCE27279B2CA9005305E7 /* RealmSwift in Frameworks */ = {isa = PBXBuildFile; productRef = 3C7CCE26279B2CA9005305E7 /* RealmSwift */; };
		3C7CCE29279B2ED0005305E7 /* WorkoutModel.swift in Sources */ = {isa = PBXBuildFile; fileRef = 3C7CCE28279B2ED0005305E7 /* WorkoutModel.swift */; };
		3C7CCE2C279EECCB005305E7 /* RalmManager.swift in Sources */ = {isa = PBXBuildFile; fileRef = 3C7CCE2B279EECCB005305E7 /* RalmManager.swift */; };
		3C7CCE2F279EFE42005305E7 /* SimpleAlert.swift in Sources */ = {isa = PBXBuildFile; fileRef = 3C7CCE2E279EFE42005305E7 /* SimpleAlert.swift */; };
		3C7CCE3127A00E88005305E7 /* RepsWorkoutViewController.swift in Sources */ = {isa = PBXBuildFile; fileRef = 3C7CCE3027A00E88005305E7 /* RepsWorkoutViewController.swift */; };
		3C7CCE3427A01185005305E7 /* WorkoutParametersView.swift in Sources */ = {isa = PBXBuildFile; fileRef = 3C7CCE3327A01185005305E7 /* WorkoutParametersView.swift */; };
		3C7CCE3727A18070005305E7 /* OkCancelAlert.swift in Sources */ = {isa = PBXBuildFile; fileRef = 3C7CCE3627A18070005305E7 /* OkCancelAlert.swift */; };
		3C7CCE3927A2C3D2005305E7 /* TimerWorkoutViewController.swift in Sources */ = {isa = PBXBuildFile; fileRef = 3C7CCE3827A2C3D2005305E7 /* TimerWorkoutViewController.swift */; };
		3C7CCE3B27A7164B005305E7 /* Date + Extension.swift in Sources */ = {isa = PBXBuildFile; fileRef = 3C7CCE3A27A7164B005305E7 /* Date + Extension.swift */; };
		3C7CCE3D27A7EB77005305E7 /* CustomAlert.swift in Sources */ = {isa = PBXBuildFile; fileRef = 3C7CCE3C27A7EB77005305E7 /* CustomAlert.swift */; };
		3C7CCE3F27A94D2B005305E7 /* Int + Extension.swift in Sources */ = {isa = PBXBuildFile; fileRef = 3C7CCE3E27A94D2A005305E7 /* Int + Extension.swift */; };
		3C7CCE4227AAB150005305E7 /* StatisticTableViewCell.swift in Sources */ = {isa = PBXBuildFile; fileRef = 3C7CCE4127AAB150005305E7 /* StatisticTableViewCell.swift */; };
/* End PBXBuildFile section */

/* Begin PBXFileReference section */
		3C18BC7227BE7846005F08EB /* Notification.swift */ = {isa = PBXFileReference; lastKnownFileType = sourcecode.swift; path = Notification.swift; sourceTree = "<group>"; };
		3C18BC7427BE86A4005F08EB /* OnboardingViewController.swift */ = {isa = PBXFileReference; lastKnownFileType = sourcecode.swift; path = OnboardingViewController.swift; sourceTree = "<group>"; };
		3C3B9E9027B554C80046686C /* ProfileCollectionViewCell.swift */ = {isa = PBXFileReference; lastKnownFileType = sourcecode.swift; path = ProfileCollectionViewCell.swift; sourceTree = "<group>"; };
		3C3B9E9227B55E6A0046686C /* UserModel.swift */ = {isa = PBXFileReference; lastKnownFileType = sourcecode.swift; path = UserModel.swift; sourceTree = "<group>"; };
		3C3B9E9427B57F400046686C /* SettingViewController.swift */ = {isa = PBXFileReference; lastKnownFileType = sourcecode.swift; path = SettingViewController.swift; sourceTree = "<group>"; };
		3C60D06927B67E0D009A63FE /* UITextField + Extansion.swift */ = {isa = PBXFileReference; lastKnownFileType = sourcecode.swift; path = "UITextField + Extansion.swift"; sourceTree = "<group>"; };
		3C60D06B27B68079009A63FE /* GallaryOrPhotoAlert.swift */ = {isa = PBXFileReference; lastKnownFileType = sourcecode.swift; path = GallaryOrPhotoAlert.swift; sourceTree = "<group>"; };
		3C7CCDD927915D7F005305E7 /* WorkOutTestApp.app */ = {isa = PBXFileReference; explicitFileType = wrapper.application; includeInIndex = 0; path = WorkOutTestApp.app; sourceTree = BUILT_PRODUCTS_DIR; };
		3C7CCDDC27915D7F005305E7 /* AppDelegate.swift */ = {isa = PBXFileReference; lastKnownFileType = sourcecode.swift; path = AppDelegate.swift; sourceTree = "<group>"; };
		3C7CCDDE27915D7F005305E7 /* SceneDelegate.swift */ = {isa = PBXFileReference; lastKnownFileType = sourcecode.swift; path = SceneDelegate.swift; sourceTree = "<group>"; };
		3C7CCDE027915D7F005305E7 /* MainViewController.swift */ = {isa = PBXFileReference; lastKnownFileType = sourcecode.swift; path = MainViewController.swift; sourceTree = "<group>"; };
		3C7CCDE527915D84005305E7 /* Assets.xcassets */ = {isa = PBXFileReference; lastKnownFileType = folder.assetcatalog; path = Assets.xcassets; sourceTree = "<group>"; };
		3C7CCDE827915D84005305E7 /* Base */ = {isa = PBXFileReference; lastKnownFileType = file.storyboard; name = Base; path = Base.lproj/LaunchScreen.storyboard; sourceTree = "<group>"; };
		3C7CCDEA27915D84005305E7 /* Info.plist */ = {isa = PBXFileReference; lastKnownFileType = text.plist.xml; path = Info.plist; sourceTree = "<group>"; };
		3C7CCDF927916513005305E7 /* UIFont + Extension.swift */ = {isa = PBXFileReference; lastKnownFileType = sourcecode.swift; path = "UIFont + Extension.swift"; sourceTree = "<group>"; };
		3C7CCDFB27916626005305E7 /* UIColor + Extension.swift */ = {isa = PBXFileReference; lastKnownFileType = sourcecode.swift; path = "UIColor + Extension.swift"; sourceTree = "<group>"; };
		3C7CCDFD27916A37005305E7 /* UIView + Extansion.swift */ = {isa = PBXFileReference; lastKnownFileType = sourcecode.swift; path = "UIView + Extansion.swift"; sourceTree = "<group>"; };
		3C7CCDFF27916B15005305E7 /* UIStackView + Extension.swift */ = {isa = PBXFileReference; lastKnownFileType = sourcecode.swift; path = "UIStackView + Extension.swift"; sourceTree = "<group>"; };
		3C7CCE022791720A005305E7 /* Roboto-Medium.ttf */ = {isa = PBXFileReference; lastKnownFileType = file; path = "Roboto-Medium.ttf"; sourceTree = "<group>"; };
		3C7CCE042791721C005305E7 /* Roboto-Bold.ttf */ = {isa = PBXFileReference; lastKnownFileType = file; path = "Roboto-Bold.ttf"; sourceTree = "<group>"; };
		3C7CCE0727919234005305E7 /* CalendarView.swift */ = {isa = PBXFileReference; lastKnownFileType = sourcecode.swift; path = CalendarView.swift; sourceTree = "<group>"; };
		3C7CCE0A2792B2F8005305E7 /* CalendarCollectionViewCell.swift */ = {isa = PBXFileReference; lastKnownFileType = sourcecode.swift; path = CalendarCollectionViewCell.swift; sourceTree = "<group>"; };
		3C7CCE0D27931040005305E7 /* WeatherView.swift */ = {isa = PBXFileReference; lastKnownFileType = sourcecode.swift; path = WeatherView.swift; sourceTree = "<group>"; };
		3C7CCE1027935082005305E7 /* WorkoutTableViewCell.swift */ = {isa = PBXFileReference; lastKnownFileType = sourcecode.swift; path = WorkoutTableViewCell.swift; sourceTree = "<group>"; };
		3C7CCE122793558C005305E7 /* WorkoutTestModel.swift */ = {isa = PBXFileReference; lastKnownFileType = sourcecode.swift; path = WorkoutTestModel.swift; sourceTree = "<group>"; };
		3C7CCE1427986ED0005305E7 /* NewWorkoutViewController.swift */ = {isa = PBXFileReference; lastKnownFileType = sourcecode.swift; path = NewWorkoutViewController.swift; sourceTree = "<group>"; };
		3C7CCE16279997A6005305E7 /* StatisticViewController.swift */ = {isa = PBXFileReference; lastKnownFileType = sourcecode.swift; path = StatisticViewController.swift; sourceTree = "<group>"; };
		3C7CCE18279997B6005305E7 /* ProfileViewController.swift */ = {isa = PBXFileReference; lastKnownFileType = sourcecode.swift; path = ProfileViewController.swift; sourceTree = "<group>"; };
		3C7CCE1A2799A76B005305E7 /* MainTabBarController.swift */ = {isa = PBXFileReference; lastKnownFileType = sourcecode.swift; path = MainTabBarController.swift; sourceTree = "<group>"; };
		3C7CCE1C2799AFA9005305E7 /* UILabel + Extension.swift */ = {isa = PBXFileReference; lastKnownFileType = sourcecode.swift; path = "UILabel + Extension.swift"; sourceTree = "<group>"; };
		3C7CCE1F2799B68E005305E7 /* DateAndRepeatView.swift */ = {isa = PBXFileReference; lastKnownFileType = sourcecode.swift; path = DateAndRepeatView.swift; sourceTree = "<group>"; };
		3C7CCE212799B6AD005305E7 /* RepsOrTimerView.swift */ = {isa = PBXFileReference; lastKnownFileType = sourcecode.swift; path = RepsOrTimerView.swift; sourceTree = "<group>"; };
		3C7CCE28279B2ED0005305E7 /* WorkoutModel.swift */ = {isa = PBXFileReference; lastKnownFileType = sourcecode.swift; path = WorkoutModel.swift; sourceTree = "<group>"; };
		3C7CCE2B279EECCB005305E7 /* RalmManager.swift */ = {isa = PBXFileReference; lastKnownFileType = sourcecode.swift; path = RalmManager.swift; sourceTree = "<group>"; };
		3C7CCE2E279EFE42005305E7 /* SimpleAlert.swift */ = {isa = PBXFileReference; lastKnownFileType = sourcecode.swift; path = SimpleAlert.swift; sourceTree = "<group>"; };
		3C7CCE3027A00E88005305E7 /* RepsWorkoutViewController.swift */ = {isa = PBXFileReference; lastKnownFileType = sourcecode.swift; path = RepsWorkoutViewController.swift; sourceTree = "<group>"; };
		3C7CCE3327A01185005305E7 /* WorkoutParametersView.swift */ = {isa = PBXFileReference; lastKnownFileType = sourcecode.swift; path = WorkoutParametersView.swift; sourceTree = "<group>"; };
		3C7CCE3627A18070005305E7 /* OkCancelAlert.swift */ = {isa = PBXFileReference; lastKnownFileType = sourcecode.swift; path = OkCancelAlert.swift; sourceTree = "<group>"; };
		3C7CCE3827A2C3D2005305E7 /* TimerWorkoutViewController.swift */ = {isa = PBXFileReference; lastKnownFileType = sourcecode.swift; path = TimerWorkoutViewController.swift; sourceTree = "<group>"; };
		3C7CCE3A27A7164B005305E7 /* Date + Extension.swift */ = {isa = PBXFileReference; lastKnownFileType = sourcecode.swift; path = "Date + Extension.swift"; sourceTree = "<group>"; };
		3C7CCE3C27A7EB77005305E7 /* CustomAlert.swift */ = {isa = PBXFileReference; lastKnownFileType = sourcecode.swift; path = CustomAlert.swift; sourceTree = "<group>"; };
		3C7CCE3E27A94D2A005305E7 /* Int + Extension.swift */ = {isa = PBXFileReference; lastKnownFileType = sourcecode.swift; path = "Int + Extension.swift"; sourceTree = "<group>"; };
		3C7CCE4127AAB150005305E7 /* StatisticTableViewCell.swift */ = {isa = PBXFileReference; lastKnownFileType = sourcecode.swift; name = StatisticTableViewCell.swift; path = WorkOutTestApp/Views/StatisticVC/StatisticTableViewCell.swift; sourceTree = SOURCE_ROOT; };
/* End PBXFileReference section */

/* Begin PBXFrameworksBuildPhase section */
		3C7CCDD627915D7F005305E7 /* Frameworks */ = {
			isa = PBXFrameworksBuildPhase;
			buildActionMask = 2147483647;
			files = (
				3C7CCE27279B2CA9005305E7 /* RealmSwift in Frameworks */,
				3C7CCE25279B2CA9005305E7 /* Realm in Frameworks */,
			);
			runOnlyForDeploymentPostprocessing = 0;
		};
/* End PBXFrameworksBuildPhase section */

/* Begin PBXGroup section */
		3C3B9E8F27B554780046686C /* ProfileVC */ = {
			isa = PBXGroup;
			children = (
				3C3B9E9027B554C80046686C /* ProfileCollectionViewCell.swift */,
			);
			path = ProfileVC;
			sourceTree = "<group>";
		};
		3C7CCDD027915D7F005305E7 = {
			isa = PBXGroup;
			children = (
				3C7CCDDB27915D7F005305E7 /* WorkOutTestApp */,
				3C7CCDDA27915D7F005305E7 /* Products */,
			);
			sourceTree = "<group>";
		};
		3C7CCDDA27915D7F005305E7 /* Products */ = {
			isa = PBXGroup;
			children = (
				3C7CCDD927915D7F005305E7 /* WorkOutTestApp.app */,
			);
			name = Products;
			sourceTree = "<group>";
		};
		3C7CCDDB27915D7F005305E7 /* WorkOutTestApp */ = {
			isa = PBXGroup;
			children = (
				3C7CCDF027915E2E005305E7 /* Application */,
				3C7CCDF127915E45005305E7 /* Models */,
				3C7CCDF327915EB8005305E7 /* Views */,
				3C7CCE2D279EFE22005305E7 /* Alerts */,
				3C7CCDF427915EE0005305E7 /* Controllers */,
				3C7CCE2A279EECA5005305E7 /* Services */,
				3C7CCDF5279163F9005305E7 /* Extension */,
				3C7CCDF227915E52005305E7 /* Resources */,
			);
			path = WorkOutTestApp;
			sourceTree = "<group>";
		};
		3C7CCDF027915E2E005305E7 /* Application */ = {
			isa = PBXGroup;
			children = (
				3C7CCDDC27915D7F005305E7 /* AppDelegate.swift */,
				3C7CCDDE27915D7F005305E7 /* SceneDelegate.swift */,
				3C18BC7227BE7846005F08EB /* Notification.swift */,
			);
			path = Application;
			sourceTree = "<group>";
		};
		3C7CCDF127915E45005305E7 /* Models */ = {
			isa = PBXGroup;
			children = (
				3C7CCE122793558C005305E7 /* WorkoutTestModel.swift */,
				3C7CCE28279B2ED0005305E7 /* WorkoutModel.swift */,
				3C3B9E9227B55E6A0046686C /* UserModel.swift */,
			);
			path = Models;
			sourceTree = "<group>";
		};
		3C7CCDF227915E52005305E7 /* Resources */ = {
			isa = PBXGroup;
			children = (
				3C7CCE01279171DD005305E7 /* Fonts */,
				3C7CCDE527915D84005305E7 /* Assets.xcassets */,
				3C7CCDE727915D84005305E7 /* LaunchScreen.storyboard */,
				3C7CCDEA27915D84005305E7 /* Info.plist */,
			);
			path = Resources;
			sourceTree = "<group>";
		};
		3C7CCDF327915EB8005305E7 /* Views */ = {
			isa = PBXGroup;
			children = (
				3C7CCE3227A01151005305E7 /* RepsWorkoutVC and TimerWorkoutVC */,
				3C7CCE0627919217005305E7 /* MainVC */,
				3C7CCE1E2799B528005305E7 /* NewWorkoutVC */,
				3C7CCE4027AAB08D005305E7 /* StatisticVC */,
				3C3B9E8F27B554780046686C /* ProfileVC */,
			);
			path = Views;
			sourceTree = "<group>";
		};
		3C7CCDF427915EE0005305E7 /* Controllers */ = {
			isa = PBXGroup;
			children = (
				3C7CCE1A2799A76B005305E7 /* MainTabBarController.swift */,
				3C7CCDE027915D7F005305E7 /* MainViewController.swift */,
				3C7CCE1427986ED0005305E7 /* NewWorkoutViewController.swift */,
				3C7CCE3027A00E88005305E7 /* RepsWorkoutViewController.swift */,
				3C7CCE3827A2C3D2005305E7 /* TimerWorkoutViewController.swift */,
				3C7CCE16279997A6005305E7 /* StatisticViewController.swift */,
				3C7CCE18279997B6005305E7 /* ProfileViewController.swift */,
				3C3B9E9427B57F400046686C /* SettingViewController.swift */,
				3C18BC7427BE86A4005F08EB /* OnboardingViewController.swift */,
			);
			path = Controllers;
			sourceTree = "<group>";
		};
		3C7CCDF5279163F9005305E7 /* Extension */ = {
			isa = PBXGroup;
			children = (
				3C7CCDF627916409005305E7 /* UIKit */,
				3C7CCE3A27A7164B005305E7 /* Date + Extension.swift */,
			);
			path = Extension;
			sourceTree = "<group>";
		};
		3C7CCDF627916409005305E7 /* UIKit */ = {
			isa = PBXGroup;
			children = (
				3C7CCDF927916513005305E7 /* UIFont + Extension.swift */,
				3C7CCDFB27916626005305E7 /* UIColor + Extension.swift */,
				3C7CCDFD27916A37005305E7 /* UIView + Extansion.swift */,
				3C60D06927B67E0D009A63FE /* UITextField + Extansion.swift */,
				3C7CCDFF27916B15005305E7 /* UIStackView + Extension.swift */,
				3C7CCE1C2799AFA9005305E7 /* UILabel + Extension.swift */,
				3C7CCE3E27A94D2A005305E7 /* Int + Extension.swift */,
			);
			path = UIKit;
			sourceTree = "<group>";
		};
		3C7CCE01279171DD005305E7 /* Fonts */ = {
			isa = PBXGroup;
			children = (
				3C7CCE022791720A005305E7 /* Roboto-Medium.ttf */,
				3C7CCE042791721C005305E7 /* Roboto-Bold.ttf */,
			);
			path = Fonts;
			sourceTree = "<group>";
		};
		3C7CCE0627919217005305E7 /* MainVC */ = {
			isa = PBXGroup;
			children = (
				3C7CCE0C2792B2FD005305E7 /* Cells */,
				3C7CCE0727919234005305E7 /* CalendarView.swift */,
				3C7CCE0D27931040005305E7 /* WeatherView.swift */,
			);
			path = MainVC;
			sourceTree = "<group>";
		};
		3C7CCE0C2792B2FD005305E7 /* Cells */ = {
			isa = PBXGroup;
			children = (
				3C7CCE0A2792B2F8005305E7 /* CalendarCollectionViewCell.swift */,
				3C7CCE1027935082005305E7 /* WorkoutTableViewCell.swift */,
			);
			path = Cells;
			sourceTree = "<group>";
		};
		3C7CCE1E2799B528005305E7 /* NewWorkoutVC */ = {
			isa = PBXGroup;
			children = (
				3C7CCE1F2799B68E005305E7 /* DateAndRepeatView.swift */,
				3C7CCE212799B6AD005305E7 /* RepsOrTimerView.swift */,
			);
			path = NewWorkoutVC;
			sourceTree = "<group>";
		};
		3C7CCE2A279EECA5005305E7 /* Services */ = {
			isa = PBXGroup;
			children = (
				3C7CCE2B279EECCB005305E7 /* RalmManager.swift */,
			);
			path = Services;
			sourceTree = "<group>";
		};
		3C7CCE2D279EFE22005305E7 /* Alerts */ = {
			isa = PBXGroup;
			children = (
				3C7CCE2E279EFE42005305E7 /* SimpleAlert.swift */,
				3C7CCE3627A18070005305E7 /* OkCancelAlert.swift */,
				3C7CCE3C27A7EB77005305E7 /* CustomAlert.swift */,
				3C60D06B27B68079009A63FE /* GallaryOrPhotoAlert.swift */,
			);
			path = Alerts;
			sourceTree = "<group>";
		};
		3C7CCE3227A01151005305E7 /* RepsWorkoutVC and TimerWorkoutVC */ = {
			isa = PBXGroup;
			children = (
				3C7CCE3327A01185005305E7 /* WorkoutParametersView.swift */,
			);
			path = "RepsWorkoutVC and TimerWorkoutVC";
			sourceTree = "<group>";
		};
		3C7CCE4027AAB08D005305E7 /* StatisticVC */ = {
			isa = PBXGroup;
			children = (
				3C7CCE4127AAB150005305E7 /* StatisticTableViewCell.swift */,
			);
			path = StatisticVC;
			sourceTree = "<group>";
		};
/* End PBXGroup section */

/* Begin PBXNativeTarget section */
		3C7CCDD827915D7F005305E7 /* WorkOutTestApp */ = {
			isa = PBXNativeTarget;
			buildConfigurationList = 3C7CCDED27915D84005305E7 /* Build configuration list for PBXNativeTarget "WorkOutTestApp" */;
			buildPhases = (
				3C7CCDD527915D7F005305E7 /* Sources */,
				3C7CCDD627915D7F005305E7 /* Frameworks */,
				3C7CCDD727915D7F005305E7 /* Resources */,
			);
			buildRules = (
			);
			dependencies = (
			);
			name = WorkOutTestApp;
			packageProductDependencies = (
				3C7CCE24279B2CA9005305E7 /* Realm */,
				3C7CCE26279B2CA9005305E7 /* RealmSwift */,
			);
			productName = WorkOutTestApp;
			productReference = 3C7CCDD927915D7F005305E7 /* WorkOutTestApp.app */;
			productType = "com.apple.product-type.application";
		};
/* End PBXNativeTarget section */

/* Begin PBXProject section */
		3C7CCDD127915D7F005305E7 /* Project object */ = {
			isa = PBXProject;
			attributes = {
				BuildIndependentTargetsInParallel = 1;
				LastSwiftUpdateCheck = 1320;
				LastUpgradeCheck = 1320;
				TargetAttributes = {
					3C7CCDD827915D7F005305E7 = {
						CreatedOnToolsVersion = 13.2.1;
					};
				};
			};
			buildConfigurationList = 3C7CCDD427915D7F005305E7 /* Build configuration list for PBXProject "WorkOutTestApp" */;
			compatibilityVersion = "Xcode 13.0";
			developmentRegion = en;
			hasScannedForEncodings = 0;
			knownRegions = (
				en,
				Base,
			);
			mainGroup = 3C7CCDD027915D7F005305E7;
			packageReferences = (
				3C7CCE23279B2CA9005305E7 /* XCRemoteSwiftPackageReference "realm-cocoa" */,
			);
			productRefGroup = 3C7CCDDA27915D7F005305E7 /* Products */;
			projectDirPath = "";
			projectRoot = "";
			targets = (
				3C7CCDD827915D7F005305E7 /* WorkOutTestApp */,
			);
		};
/* End PBXProject section */

/* Begin PBXResourcesBuildPhase section */
		3C7CCDD727915D7F005305E7 /* Resources */ = {
			isa = PBXResourcesBuildPhase;
			buildActionMask = 2147483647;
			files = (
				3C7CCDE927915D84005305E7 /* LaunchScreen.storyboard in Resources */,
				3C7CCDE627915D84005305E7 /* Assets.xcassets in Resources */,
				3C7CCE052791721C005305E7 /* Roboto-Bold.ttf in Resources */,
				3C7CCE032791720A005305E7 /* Roboto-Medium.ttf in Resources */,
			);
			runOnlyForDeploymentPostprocessing = 0;
		};
/* End PBXResourcesBuildPhase section */

/* Begin PBXSourcesBuildPhase section */
		3C7CCDD527915D7F005305E7 /* Sources */ = {
			isa = PBXSourcesBuildPhase;
			buildActionMask = 2147483647;
			files = (
				3C60D06C27B68079009A63FE /* GallaryOrPhotoAlert.swift in Sources */,
				3C3B9E9127B554C90046686C /* ProfileCollectionViewCell.swift in Sources */,
				3C7CCDFA27916513005305E7 /* UIFont + Extension.swift in Sources */,
				3C7CCE29279B2ED0005305E7 /* WorkoutModel.swift in Sources */,
				3C7CCE3B27A7164B005305E7 /* Date + Extension.swift in Sources */,
				3C7CCE0027916B15005305E7 /* UIStackView + Extension.swift in Sources */,
				3C7CCE0827919234005305E7 /* CalendarView.swift in Sources */,
				3C7CCE1527986ED0005305E7 /* NewWorkoutViewController.swift in Sources */,
				3C7CCE17279997A7005305E7 /* StatisticViewController.swift in Sources */,
				3C7CCE3127A00E88005305E7 /* RepsWorkoutViewController.swift in Sources */,
				3C7CCDE127915D7F005305E7 /* MainViewController.swift in Sources */,
				3C7CCE3427A01185005305E7 /* WorkoutParametersView.swift in Sources */,
				3C7CCE3F27A94D2B005305E7 /* Int + Extension.swift in Sources */,
				3C7CCE1127935082005305E7 /* WorkoutTableViewCell.swift in Sources */,
				3C7CCE3927A2C3D2005305E7 /* TimerWorkoutViewController.swift in Sources */,
				3C7CCE132793558C005305E7 /* WorkoutTestModel.swift in Sources */,
				3C7CCE2C279EECCB005305E7 /* RalmManager.swift in Sources */,
				3C7CCE1D2799AFA9005305E7 /* UILabel + Extension.swift in Sources */,
				3C7CCDDD27915D7F005305E7 /* AppDelegate.swift in Sources */,
				3C7CCDDF27915D7F005305E7 /* SceneDelegate.swift in Sources */,
				3C18BC7327BE7846005F08EB /* Notification.swift in Sources */,
				3C7CCE1B2799A76B005305E7 /* MainTabBarController.swift in Sources */,
				3C7CCE0B2792B2F8005305E7 /* CalendarCollectionViewCell.swift in Sources */,
				3C7CCDFE27916A37005305E7 /* UIView + Extansion.swift in Sources */,
				3C7CCE2F279EFE42005305E7 /* SimpleAlert.swift in Sources */,
				3C3B9E9527B57F400046686C /* SettingViewController.swift in Sources */,
				3C7CCE19279997B6005305E7 /* ProfileViewController.swift in Sources */,
				3C7CCE202799B68E005305E7 /* DateAndRepeatView.swift in Sources */,
				3C7CCE0E27931040005305E7 /* WeatherView.swift in Sources */,
				3C3B9E9327B55E6A0046686C /* UserModel.swift in Sources */,
				3C7CCDFC27916626005305E7 /* UIColor + Extension.swift in Sources */,
				3C18BC7527BE86A4005F08EB /* OnboardingViewController.swift in Sources */,
				3C7CCE4227AAB150005305E7 /* StatisticTableViewCell.swift in Sources */,
				3C7CCE222799B6AD005305E7 /* RepsOrTimerView.swift in Sources */,
				3C60D06A27B67E0D009A63FE /* UITextField + Extansion.swift in Sources */,
				3C7CCE3727A18070005305E7 /* OkCancelAlert.swift in Sources */,
				3C7CCE3D27A7EB77005305E7 /* CustomAlert.swift in Sources */,
			);
			runOnlyForDeploymentPostprocessing = 0;
		};
/* End PBXSourcesBuildPhase section */

/* Begin PBXVariantGroup section */
		3C7CCDE727915D84005305E7 /* LaunchScreen.storyboard */ = {
			isa = PBXVariantGroup;
			children = (
				3C7CCDE827915D84005305E7 /* Base */,
			);
			name = LaunchScreen.storyboard;
			sourceTree = "<group>";
		};
/* End PBXVariantGroup section */

/* Begin XCBuildConfiguration section */
		3C7CCDEB27915D84005305E7 /* Debug */ = {
			isa = XCBuildConfiguration;
			buildSettings = {
				ALWAYS_SEARCH_USER_PATHS = NO;
				CLANG_ANALYZER_NONNULL = YES;
				CLANG_ANALYZER_NUMBER_OBJECT_CONVERSION = YES_AGGRESSIVE;
				CLANG_CXX_LANGUAGE_STANDARD = "gnu++17";
				CLANG_CXX_LIBRARY = "libc++";
				CLANG_ENABLE_MODULES = YES;
				CLANG_ENABLE_OBJC_ARC = YES;
				CLANG_ENABLE_OBJC_WEAK = YES;
				CLANG_WARN_BLOCK_CAPTURE_AUTORELEASING = YES;
				CLANG_WARN_BOOL_CONVERSION = YES;
				CLANG_WARN_COMMA = YES;
				CLANG_WARN_CONSTANT_CONVERSION = YES;
				CLANG_WARN_DEPRECATED_OBJC_IMPLEMENTATIONS = YES;
				CLANG_WARN_DIRECT_OBJC_ISA_USAGE = YES_ERROR;
				CLANG_WARN_DOCUMENTATION_COMMENTS = YES;
				CLANG_WARN_EMPTY_BODY = YES;
				CLANG_WARN_ENUM_CONVERSION = YES;
				CLANG_WARN_INFINITE_RECURSION = YES;
				CLANG_WARN_INT_CONVERSION = YES;
				CLANG_WARN_NON_LITERAL_NULL_CONVERSION = YES;
				CLANG_WARN_OBJC_IMPLICIT_RETAIN_SELF = YES;
				CLANG_WARN_OBJC_LITERAL_CONVERSION = YES;
				CLANG_WARN_OBJC_ROOT_CLASS = YES_ERROR;
				CLANG_WARN_QUOTED_INCLUDE_IN_FRAMEWORK_HEADER = YES;
				CLANG_WARN_RANGE_LOOP_ANALYSIS = YES;
				CLANG_WARN_STRICT_PROTOTYPES = YES;
				CLANG_WARN_SUSPICIOUS_MOVE = YES;
				CLANG_WARN_UNGUARDED_AVAILABILITY = YES_AGGRESSIVE;
				CLANG_WARN_UNREACHABLE_CODE = YES;
				CLANG_WARN__DUPLICATE_METHOD_MATCH = YES;
				COPY_PHASE_STRIP = NO;
				DEBUG_INFORMATION_FORMAT = dwarf;
				ENABLE_STRICT_OBJC_MSGSEND = YES;
				ENABLE_TESTABILITY = YES;
				GCC_C_LANGUAGE_STANDARD = gnu11;
				GCC_DYNAMIC_NO_PIC = NO;
				GCC_NO_COMMON_BLOCKS = YES;
				GCC_OPTIMIZATION_LEVEL = 0;
				GCC_PREPROCESSOR_DEFINITIONS = (
					"DEBUG=1",
					"$(inherited)",
				);
				GCC_WARN_64_TO_32_BIT_CONVERSION = YES;
				GCC_WARN_ABOUT_RETURN_TYPE = YES_ERROR;
				GCC_WARN_UNDECLARED_SELECTOR = YES;
				GCC_WARN_UNINITIALIZED_AUTOS = YES_AGGRESSIVE;
				GCC_WARN_UNUSED_FUNCTION = YES;
				GCC_WARN_UNUSED_VARIABLE = YES;
				IPHONEOS_DEPLOYMENT_TARGET = 13.0;
				MTL_ENABLE_DEBUG_INFO = INCLUDE_SOURCE;
				MTL_FAST_MATH = YES;
				ONLY_ACTIVE_ARCH = YES;
				SDKROOT = iphoneos;
				SWIFT_ACTIVE_COMPILATION_CONDITIONS = DEBUG;
				SWIFT_OPTIMIZATION_LEVEL = "-Onone";
			};
			name = Debug;
		};
		3C7CCDEC27915D84005305E7 /* Release */ = {
			isa = XCBuildConfiguration;
			buildSettings = {
				ALWAYS_SEARCH_USER_PATHS = NO;
				CLANG_ANALYZER_NONNULL = YES;
				CLANG_ANALYZER_NUMBER_OBJECT_CONVERSION = YES_AGGRESSIVE;
				CLANG_CXX_LANGUAGE_STANDARD = "gnu++17";
				CLANG_CXX_LIBRARY = "libc++";
				CLANG_ENABLE_MODULES = YES;
				CLANG_ENABLE_OBJC_ARC = YES;
				CLANG_ENABLE_OBJC_WEAK = YES;
				CLANG_WARN_BLOCK_CAPTURE_AUTORELEASING = YES;
				CLANG_WARN_BOOL_CONVERSION = YES;
				CLANG_WARN_COMMA = YES;
				CLANG_WARN_CONSTANT_CONVERSION = YES;
				CLANG_WARN_DEPRECATED_OBJC_IMPLEMENTATIONS = YES;
				CLANG_WARN_DIRECT_OBJC_ISA_USAGE = YES_ERROR;
				CLANG_WARN_DOCUMENTATION_COMMENTS = YES;
				CLANG_WARN_EMPTY_BODY = YES;
				CLANG_WARN_ENUM_CONVERSION = YES;
				CLANG_WARN_INFINITE_RECURSION = YES;
				CLANG_WARN_INT_CONVERSION = YES;
				CLANG_WARN_NON_LITERAL_NULL_CONVERSION = YES;
				CLANG_WARN_OBJC_IMPLICIT_RETAIN_SELF = YES;
				CLANG_WARN_OBJC_LITERAL_CONVERSION = YES;
				CLANG_WARN_OBJC_ROOT_CLASS = YES_ERROR;
				CLANG_WARN_QUOTED_INCLUDE_IN_FRAMEWORK_HEADER = YES;
				CLANG_WARN_RANGE_LOOP_ANALYSIS = YES;
				CLANG_WARN_STRICT_PROTOTYPES = YES;
				CLANG_WARN_SUSPICIOUS_MOVE = YES;
				CLANG_WARN_UNGUARDED_AVAILABILITY = YES_AGGRESSIVE;
				CLANG_WARN_UNREACHABLE_CODE = YES;
				CLANG_WARN__DUPLICATE_METHOD_MATCH = YES;
				COPY_PHASE_STRIP = NO;
				DEBUG_INFORMATION_FORMAT = "dwarf-with-dsym";
				ENABLE_NS_ASSERTIONS = NO;
				ENABLE_STRICT_OBJC_MSGSEND = YES;
				GCC_C_LANGUAGE_STANDARD = gnu11;
				GCC_NO_COMMON_BLOCKS = YES;
				GCC_WARN_64_TO_32_BIT_CONVERSION = YES;
				GCC_WARN_ABOUT_RETURN_TYPE = YES_ERROR;
				GCC_WARN_UNDECLARED_SELECTOR = YES;
				GCC_WARN_UNINITIALIZED_AUTOS = YES_AGGRESSIVE;
				GCC_WARN_UNUSED_FUNCTION = YES;
				GCC_WARN_UNUSED_VARIABLE = YES;
				IPHONEOS_DEPLOYMENT_TARGET = 13.0;
				MTL_ENABLE_DEBUG_INFO = NO;
				MTL_FAST_MATH = YES;
				SDKROOT = iphoneos;
				SWIFT_COMPILATION_MODE = wholemodule;
				SWIFT_OPTIMIZATION_LEVEL = "-O";
				VALIDATE_PRODUCT = YES;
			};
			name = Release;
		};
		3C7CCDEE27915D84005305E7 /* Debug */ = {
			isa = XCBuildConfiguration;
			buildSettings = {
				ASSETCATALOG_COMPILER_APPICON_NAME = AppIcon;
				ASSETCATALOG_COMPILER_GLOBAL_ACCENT_COLOR_NAME = AccentColor;
				CODE_SIGN_STYLE = Automatic;
				CURRENT_PROJECT_VERSION = 1;
				DEVELOPMENT_TEAM = RQYPG8XK25;
				GENERATE_INFOPLIST_FILE = YES;
				INFOPLIST_FILE = WorkOutTestApp/Resources/Info.plist;
				INFOPLIST_KEY_UIApplicationSupportsIndirectInputEvents = YES;
				INFOPLIST_KEY_UILaunchStoryboardName = LaunchScreen;
				INFOPLIST_KEY_UISupportedInterfaceOrientations = UIInterfaceOrientationPortrait;
				INFOPLIST_KEY_UISupportedInterfaceOrientations_iPad = "UIInterfaceOrientationPortrait UIInterfaceOrientationPortraitUpsideDown UIInterfaceOrientationLandscapeLeft UIInterfaceOrientationLandscapeRight";
				INFOPLIST_KEY_UISupportedInterfaceOrientations_iPhone = "UIInterfaceOrientationPortrait UIInterfaceOrientationLandscapeLeft UIInterfaceOrientationLandscapeRight";
				IPHONEOS_DEPLOYMENT_TARGET = 13.0;
				LD_RUNPATH_SEARCH_PATHS = (
					"$(inherited)",
					"@executable_path/Frameworks",
				);
				MARKETING_VERSION = 1.0;
				PRODUCT_BUNDLE_IDENTIFIER = ckost9n.WorkOutTestApp;
				PRODUCT_NAME = "$(TARGET_NAME)";
				SWIFT_EMIT_LOC_STRINGS = YES;
				SWIFT_VERSION = 5.0;
				TARGETED_DEVICE_FAMILY = 1;
			};
			name = Debug;
		};
		3C7CCDEF27915D84005305E7 /* Release */ = {
			isa = XCBuildConfiguration;
			buildSettings = {
				ASSETCATALOG_COMPILER_APPICON_NAME = AppIcon;
				ASSETCATALOG_COMPILER_GLOBAL_ACCENT_COLOR_NAME = AccentColor;
				CODE_SIGN_STYLE = Automatic;
				CURRENT_PROJECT_VERSION = 1;
				DEVELOPMENT_TEAM = RQYPG8XK25;
				GENERATE_INFOPLIST_FILE = YES;
				INFOPLIST_FILE = WorkOutTestApp/Resources/Info.plist;
				INFOPLIST_KEY_UIApplicationSupportsIndirectInputEvents = YES;
				INFOPLIST_KEY_UILaunchStoryboardName = LaunchScreen;
				INFOPLIST_KEY_UISupportedInterfaceOrientations = UIInterfaceOrientationPortrait;
				INFOPLIST_KEY_UISupportedInterfaceOrientations_iPad = "UIInterfaceOrientationPortrait UIInterfaceOrientationPortraitUpsideDown UIInterfaceOrientationLandscapeLeft UIInterfaceOrientationLandscapeRight";
				INFOPLIST_KEY_UISupportedInterfaceOrientations_iPhone = "UIInterfaceOrientationPortrait UIInterfaceOrientationLandscapeLeft UIInterfaceOrientationLandscapeRight";
				IPHONEOS_DEPLOYMENT_TARGET = 13.0;
				LD_RUNPATH_SEARCH_PATHS = (
					"$(inherited)",
					"@executable_path/Frameworks",
				);
				MARKETING_VERSION = 1.0;
				PRODUCT_BUNDLE_IDENTIFIER = ckost9n.WorkOutTestApp;
				PRODUCT_NAME = "$(TARGET_NAME)";
				SWIFT_EMIT_LOC_STRINGS = YES;
				SWIFT_VERSION = 5.0;
				TARGETED_DEVICE_FAMILY = 1;
			};
			name = Release;
		};
/* End XCBuildConfiguration section */

/* Begin XCConfigurationList section */
		3C7CCDD427915D7F005305E7 /* Build configuration list for PBXProject "WorkOutTestApp" */ = {
			isa = XCConfigurationList;
			buildConfigurations = (
				3C7CCDEB27915D84005305E7 /* Debug */,
				3C7CCDEC27915D84005305E7 /* Release */,
			);
			defaultConfigurationIsVisible = 0;
			defaultConfigurationName = Release;
		};
		3C7CCDED27915D84005305E7 /* Build configuration list for PBXNativeTarget "WorkOutTestApp" */ = {
			isa = XCConfigurationList;
			buildConfigurations = (
				3C7CCDEE27915D84005305E7 /* Debug */,
				3C7CCDEF27915D84005305E7 /* Release */,
			);
			defaultConfigurationIsVisible = 0;
			defaultConfigurationName = Release;
		};
/* End XCConfigurationList section */

/* Begin XCRemoteSwiftPackageReference section */
		3C7CCE23279B2CA9005305E7 /* XCRemoteSwiftPackageReference "realm-cocoa" */ = {
			isa = XCRemoteSwiftPackageReference;
			repositoryURL = "https://github.com/realm/realm-cocoa.git";
			requirement = {
				branch = master;
				kind = branch;
			};
		};
/* End XCRemoteSwiftPackageReference section */

/* Begin XCSwiftPackageProductDependency section */
		3C7CCE24279B2CA9005305E7 /* Realm */ = {
			isa = XCSwiftPackageProductDependency;
			package = 3C7CCE23279B2CA9005305E7 /* XCRemoteSwiftPackageReference "realm-cocoa" */;
			productName = Realm;
		};
		3C7CCE26279B2CA9005305E7 /* RealmSwift */ = {
			isa = XCSwiftPackageProductDependency;
			package = 3C7CCE23279B2CA9005305E7 /* XCRemoteSwiftPackageReference "realm-cocoa" */;
			productName = RealmSwift;
		};
/* End XCSwiftPackageProductDependency section */
	};
	rootObject = 3C7CCDD127915D7F005305E7 /* Project object */;
}
